
Microsoft Visual Studio Solution File, Format Version 12.00
# Visual Studio Version 16
VisualStudioVersion = 16.0.29709.97
MinimumVisualStudioVersion = 10.0.40219.1
Project("{FAE04EC0-301F-11D3-BF4B-00C04F79EFBC}") = "NewEcommerce", "NewEcommerce\NewEcommerce.csproj", "{A424934B-AC31-4A5B-AA97-FBB6BB79A768}"
EndProject
Project("{FAE04EC0-301F-11D3-BF4B-00C04F79EFBC}") = "Ecommerce.Repositories", "Ecommerce.Repositories\Ecommerce.Repositories.csproj", "{9039FD7F-9FEF-47D0-A59F-43613C377F53}"
EndProject
Project("{FAE04EC0-301F-11D3-BF4B-00C04F79EFBC}") = "Ecommerce.BLL", "Ecommerce.BLL\Ecommerce.BLL.csproj", "{A33A4354-77D3-4D8E-A416-8C4353E25FB0}"
EndProject
Project("{FAE04EC0-301F-11D3-BF4B-00C04F79EFBC}") = "Ecommerce.Models", "Ecommerce.Models\Ecommerce.Models.csproj", "{34C5F74E-0C59-4EC9-AEF0-037AD3166F76}"
EndProject
Project("{FAE04EC0-301F-11D3-BF4B-00C04F79EFBC}") = "Ecommerce.Database", "Ecommerce.Database\Ecommerce.Database.csproj", "{C4F28DFB-2804-4D5B-BF00-1CE80E26DEA9}"
EndProject
Global
	GlobalSection(SolutionConfigurationPlatforms) = preSolution
		Debug|Any CPU = Debug|Any CPU
		Release|Any CPU = Release|Any CPU
	EndGlobalSection
	GlobalSection(ProjectConfigurationPlatforms) = postSolution
		{A424934B-AC31-4A5B-AA97-FBB6BB79A768}.Debug|Any CPU.ActiveCfg = Debug|Any CPU
		{A424934B-AC31-4A5B-AA97-FBB6BB79A768}.Debug|Any CPU.Build.0 = Debug|Any CPU
		{A424934B-AC31-4A5B-AA97-FBB6BB79A768}.Release|Any CPU.ActiveCfg = Release|Any CPU
		{A424934B-AC31-4A5B-AA97-FBB6BB79A768}.Release|Any CPU.Build.0 = Release|Any CPU
		{9039FD7F-9FEF-47D0-A59F-43613C377F53}.Debug|Any CPU.ActiveCfg = Debug|Any CPU
		{9039FD7F-9FEF-47D0-A59F-43613C377F53}.Debug|Any CPU.Build.0 = Debug|Any CPU
		{9039FD7F-9FEF-47D0-A59F-43613C377F53}.Release|Any CPU.ActiveCfg = Release|Any CPU
		{9039FD7F-9FEF-47D0-A59F-43613C377F53}.Release|Any CPU.Build.0 = Release|Any CPU
		{A33A4354-77D3-4D8E-A416-8C4353E25FB0}.Debug|Any CPU.ActiveCfg = Debug|Any CPU
		{A33A4354-77D3-4D8E-A416-8C4353E25FB0}.Debug|Any CPU.Build.0 = Debug|Any CPU
		{A33A4354-77D3-4D8E-A416-8C4353E25FB0}.Release|Any CPU.ActiveCfg = Release|Any CPU
		{A33A4354-77D3-4D8E-A416-8C4353E25FB0}.Release|Any CPU.Build.0 = Release|Any CPU
		{34C5F74E-0C59-4EC9-AEF0-037AD3166F76}.Debug|Any CPU.ActiveCfg = Debug|Any CPU
		{34C5F74E-0C59-4EC9-AEF0-037AD3166F76}.Debug|Any CPU.Build.0 = Debug|Any CPU
		{34C5F74E-0C59-4EC9-AEF0-037AD3166F76}.Release|Any CPU.ActiveCfg = Release|Any CPU
		{34C5F74E-0C59-4EC9-AEF0-037AD3166F76}.Release|Any CPU.Build.0 = Release|Any CPU
		{C4F28DFB-2804-4D5B-BF00-1CE80E26DEA9}.Debug|Any CPU.ActiveCfg = Debug|Any CPU
		{C4F28DFB-2804-4D5B-BF00-1CE80E26DEA9}.Debug|Any CPU.Build.0 = Debug|Any CPU
		{C4F28DFB-2804-4D5B-BF00-1CE80E26DEA9}.Release|Any CPU.ActiveCfg = Release|Any CPU
		{C4F28DFB-2804-4D5B-BF00-1CE80E26DEA9}.Release|Any CPU.Build.0 = Release|Any CPU
	EndGlobalSection
	GlobalSection(SolutionProperties) = preSolution
		HideSolutionNode = FALSE
	EndGlobalSection
	GlobalSection(ExtensibilityGlobals) = postSolution
		SolutionGuid = {33403617-2D08-43E5-BDE7-046D516A3A41}
	EndGlobalSection
EndGlobal
